
Microsoft Visual Studio Solution File, Format Version 12.00
# Visual Studio Version 17
VisualStudioVersion = 17.4.33205.214
MinimumVisualStudioVersion = 10.0.40219.1
Project("{9A19103F-16F7-4668-BE54-9A1E7A4F7556}") = "TimeSheet.Api", "TimeSheet.Api\TimeSheet.Api.csproj", "{D2B59364-B571-4826-B929-D993B92C2984}"
EndProject
Project("{9A19103F-16F7-4668-BE54-9A1E7A4F7556}") = "Time.Sheet.Domain", "Time.Sheet.Domain\Time.Sheet.Domain.csproj", "{9C152909-E341-4E5A-85DB-E7A7849BBA30}"
EndProject
Project("{9A19103F-16F7-4668-BE54-9A1E7A4F7556}") = "Time.Sheet.Infraestructure", "Time.Sheet.Infraestructure\Time.Sheet.Infraestructure.csproj", "{4782F443-4B5E-4D18-AECD-AE176C10E771}"
EndProject
Project("{9A19103F-16F7-4668-BE54-9A1E7A4F7556}") = "Time.Sheet.Application", "Time.Sheet.Application\Time.Sheet.Application.csproj", "{2A07775E-E937-4D53-B942-3D77A681A0BA}"
EndProject
Project("{FAE04EC0-301F-11D3-BF4B-00C04F79EFBC}") = "Time.Sheet.Test", "Time.Sheet.Test\Time.Sheet.Test.csproj", "{FAC2CA9B-8749-4452-815F-E6C957F35B13}"
	ProjectSection(ProjectDependencies) = postProject
		{2A07775E-E937-4D53-B942-3D77A681A0BA} = {2A07775E-E937-4D53-B942-3D77A681A0BA}
		{4782F443-4B5E-4D18-AECD-AE176C10E771} = {4782F443-4B5E-4D18-AECD-AE176C10E771}
		{9C152909-E341-4E5A-85DB-E7A7849BBA30} = {9C152909-E341-4E5A-85DB-E7A7849BBA30}
		{D2B59364-B571-4826-B929-D993B92C2984} = {D2B59364-B571-4826-B929-D993B92C2984}
	EndProjectSection
EndProject
Global
	GlobalSection(SolutionConfigurationPlatforms) = preSolution
		Debug|Any CPU = Debug|Any CPU
		Release|Any CPU = Release|Any CPU
	EndGlobalSection
	GlobalSection(ProjectConfigurationPlatforms) = postSolution
		{D2B59364-B571-4826-B929-D993B92C2984}.Debug|Any CPU.ActiveCfg = Debug|Any CPU
		{D2B59364-B571-4826-B929-D993B92C2984}.Debug|Any CPU.Build.0 = Debug|Any CPU
		{D2B59364-B571-4826-B929-D993B92C2984}.Release|Any CPU.ActiveCfg = Release|Any CPU
		{D2B59364-B571-4826-B929-D993B92C2984}.Release|Any CPU.Build.0 = Release|Any CPU
		{9C152909-E341-4E5A-85DB-E7A7849BBA30}.Debug|Any CPU.ActiveCfg = Debug|Any CPU
		{9C152909-E341-4E5A-85DB-E7A7849BBA30}.Debug|Any CPU.Build.0 = Debug|Any CPU
		{9C152909-E341-4E5A-85DB-E7A7849BBA30}.Release|Any CPU.ActiveCfg = Release|Any CPU
		{9C152909-E341-4E5A-85DB-E7A7849BBA30}.Release|Any CPU.Build.0 = Release|Any CPU
		{4782F443-4B5E-4D18-AECD-AE176C10E771}.Debug|Any CPU.ActiveCfg = Debug|Any CPU
		{4782F443-4B5E-4D18-AECD-AE176C10E771}.Debug|Any CPU.Build.0 = Debug|Any CPU
		{4782F443-4B5E-4D18-AECD-AE176C10E771}.Release|Any CPU.ActiveCfg = Release|Any CPU
		{4782F443-4B5E-4D18-AECD-AE176C10E771}.Release|Any CPU.Build.0 = Release|Any CPU
		{2A07775E-E937-4D53-B942-3D77A681A0BA}.Debug|Any CPU.ActiveCfg = Debug|Any CPU
		{2A07775E-E937-4D53-B942-3D77A681A0BA}.Debug|Any CPU.Build.0 = Debug|Any CPU
		{2A07775E-E937-4D53-B942-3D77A681A0BA}.Release|Any CPU.ActiveCfg = Release|Any CPU
		{2A07775E-E937-4D53-B942-3D77A681A0BA}.Release|Any CPU.Build.0 = Release|Any CPU
		{FAC2CA9B-8749-4452-815F-E6C957F35B13}.Debug|Any CPU.ActiveCfg = Debug|Any CPU
		{FAC2CA9B-8749-4452-815F-E6C957F35B13}.Debug|Any CPU.Build.0 = Debug|Any CPU
		{FAC2CA9B-8749-4452-815F-E6C957F35B13}.Release|Any CPU.ActiveCfg = Release|Any CPU
		{FAC2CA9B-8749-4452-815F-E6C957F35B13}.Release|Any CPU.Build.0 = Release|Any CPU
	EndGlobalSection
	GlobalSection(SolutionProperties) = preSolution
		HideSolutionNode = FALSE
	EndGlobalSection
	GlobalSection(ExtensibilityGlobals) = postSolution
		SolutionGuid = {8CB4EBBD-7EBE-41F5-A5C9-75666B1D170A}
	EndGlobalSection
EndGlobal
